
Microsoft Visual Studio Solution File, Format Version 12.00
# Visual Studio Version 17
VisualStudioVersion = 17.9.34723.18
MinimumVisualStudioVersion = 10.0.40219.1
Project("{9A19103F-16F7-4668-BE54-9A1E7A4F7556}") = "DeliveryHost", "DeliveryHost\DeliveryHost.csproj", "{4B557A45-309C-40EF-BD97-FF6B3536D56E}"
EndProject
Project("{9A19103F-16F7-4668-BE54-9A1E7A4F7556}") = "DeliverySystem.Bits", "DeliverySystem.Bits\DeliverySystem.Bits.csproj", "{77815C9E-51B8-4035-8A6A-05835C4E2A20}"
EndProject
Project("{FAE04EC0-301F-11D3-BF4B-00C04F79EFBC}") = "DeliverySystem.Host.Wpf", "DeliverySystem.Host.Wpf\DeliverySystem.Host.Wpf.csproj", "{CEE135E2-C435-40DD-8BB6-DEBE72325723}"
EndProject
Global
	GlobalSection(SolutionConfigurationPlatforms) = preSolution
		Debug|Any CPU = Debug|Any CPU
		Release|Any CPU = Release|Any CPU
	EndGlobalSection
	GlobalSection(ProjectConfigurationPlatforms) = postSolution
		{4B557A45-309C-40EF-BD97-FF6B3536D56E}.Debug|Any CPU.ActiveCfg = Debug|Any CPU
		{4B557A45-309C-40EF-BD97-FF6B3536D56E}.Debug|Any CPU.Build.0 = Debug|Any CPU
		{4B557A45-309C-40EF-BD97-FF6B3536D56E}.Release|Any CPU.ActiveCfg = Release|Any CPU
		{4B557A45-309C-40EF-BD97-FF6B3536D56E}.Release|Any CPU.Build.0 = Release|Any CPU
		{77815C9E-51B8-4035-8A6A-05835C4E2A20}.Debug|Any CPU.ActiveCfg = Debug|Any CPU
		{77815C9E-51B8-4035-8A6A-05835C4E2A20}.Debug|Any CPU.Build.0 = Debug|Any CPU
		{77815C9E-51B8-4035-8A6A-05835C4E2A20}.Release|Any CPU.ActiveCfg = Release|Any CPU
		{77815C9E-51B8-4035-8A6A-05835C4E2A20}.Release|Any CPU.Build.0 = Release|Any CPU
		{CEE135E2-C435-40DD-8BB6-DEBE72325723}.Debug|Any CPU.ActiveCfg = Debug|Any CPU
		{CEE135E2-C435-40DD-8BB6-DEBE72325723}.Debug|Any CPU.Build.0 = Debug|Any CPU
		{CEE135E2-C435-40DD-8BB6-DEBE72325723}.Release|Any CPU.ActiveCfg = Release|Any CPU
		{CEE135E2-C435-40DD-8BB6-DEBE72325723}.Release|Any CPU.Build.0 = Release|Any CPU
	EndGlobalSection
	GlobalSection(SolutionProperties) = preSolution
		HideSolutionNode = FALSE
	EndGlobalSection
	GlobalSection(ExtensibilityGlobals) = postSolution
		SolutionGuid = {060A20D1-A286-4407-BB20-9A7A1AAB87BE}
	EndGlobalSection
EndGlobal
